
Microsoft Visual Studio Solution File, Format Version 12.00
# Visual Studio Version 16
VisualStudioVersion = 16.0.30907.101
MinimumVisualStudioVersion = 10.0.40219.1
Project("{FAE04EC0-301F-11D3-BF4B-00C04F79EFBC}") = "Algorithm.CountingSort", "Algorithm.CountingSort\Algorithm.CountingSort.csproj", "{71AEA6D9-09A2-4762-8D54-8C07B9818927}"
EndProject
Global
	GlobalSection(SolutionConfigurationPlatforms) = preSolution
		Debug|Any CPU = Debug|Any CPU
		Release|Any CPU = Release|Any CPU
	EndGlobalSection
	GlobalSection(ProjectConfigurationPlatforms) = postSolution
		{71AEA6D9-09A2-4762-8D54-8C07B9818927}.Debug|Any CPU.ActiveCfg = Debug|Any CPU
		{71AEA6D9-09A2-4762-8D54-8C07B9818927}.Debug|Any CPU.Build.0 = Debug|Any CPU
		{71AEA6D9-09A2-4762-8D54-8C07B9818927}.Release|Any CPU.ActiveCfg = Release|Any CPU
		{71AEA6D9-09A2-4762-8D54-8C07B9818927}.Release|Any CPU.Build.0 = Release|Any CPU
	EndGlobalSection
	GlobalSection(SolutionProperties) = preSolution
		HideSolutionNode = FALSE
	EndGlobalSection
	GlobalSection(ExtensibilityGlobals) = postSolution
		SolutionGuid = {2DDC9A5E-1C26-4F67-86EA-97649D1D340D}
	EndGlobalSection
EndGlobal
